{
  "name": "erc721_royalties",
  "version": "1.0.0",
  "lockfileVersion": 2,
  "requires": true,
  "packages": {
    "": {
      "name": "erc721_royalties",
      "version": "1.0.0",
      "license": "ISC",
      "dependencies": {
        "@openzeppelin/contracts": "^4.3.2",
        "@rarible/royalties": "^0.7.2"
      }
    },
    "node_modules/@openzeppelin/contracts": {
      "version": "4.3.2",
      "resolved": "https://registry.npmjs.org/@openzeppelin/contracts/-/contracts-4.3.2.tgz",
      "integrity": "sha512-AybF1cesONZStg5kWf6ao9OlqTZuPqddvprc0ky7lrUVOjXeKpmQ2Y9FK+6ygxasb+4aic4O5pneFBfwVsRRRg=="
    },
    "node_modules/@rarible/royalties": {
      "version": "0.7.2",
      "resolved": "https://registry.npmjs.org/@rarible/royalties/-/royalties-0.7.2.tgz",
      "integrity": "sha512-0SeG2Rq8x6q/NTkBnxFSvKKpF/iNGuc8UbIYgFyFPq9ve7NJjP4gK8OeijxOonk8gABT/vJPw9KH6Qs9pl/vuw=="
    }
  },
  "dependencies": {
    "@openzeppelin/contracts": {
      "version": "4.3.2",
      "resolved": "https://registry.npmjs.org/@openzeppelin/contracts/-/contracts-4.3.2.tgz",
      "integrity": "sha512-AybF1cesONZStg5kWf6ao9OlqTZuPqddvprc0ky7lrUVOjXeKpmQ2Y9FK+6ygxasb+4aic4O5pneFBfwVsRRRg=="
    },
    "@rarible/royalties": {
      "version": "0.7.2",
      "resolved": "https://registry.npmjs.org/@rarible/royalties/-/royalties-0.7.2.tgz",
      "integrity": "sha512-0SeG2Rq8x6q/NTkBnxFSvKKpF/iNGuc8UbIYgFyFPq9ve7NJjP4gK8OeijxOonk8gABT/vJPw9KH6Qs9pl/vuw=="
    }
  }
}
